
Microsoft Visual Studio Solution File, Format Version 12.00
# Visual Studio 15
VisualStudioVersion = 15.0.28010.2050
MinimumVisualStudioVersion = 10.0.40219.1
Project("{FAE04EC0-301F-11D3-BF4B-00C04F79EFBC}") = "SecurebuttonTest", "SecurebuttonTest\SecurebuttonTest.csproj", "{45141B82-C93E-4ED6-88EA-C34A3E4782CC}"
EndProject
Global
	GlobalSection(SolutionConfigurationPlatforms) = preSolution
		Debug|Any CPU = Debug|Any CPU
		Release|Any CPU = Release|Any CPU
	EndGlobalSection
	GlobalSection(ProjectConfigurationPlatforms) = postSolution
		{45141B82-C93E-4ED6-88EA-C34A3E4782CC}.Debug|Any CPU.ActiveCfg = Debug|Any CPU
		{45141B82-C93E-4ED6-88EA-C34A3E4782CC}.Debug|Any CPU.Build.0 = Debug|Any CPU
		{45141B82-C93E-4ED6-88EA-C34A3E4782CC}.Release|Any CPU.ActiveCfg = Release|Any CPU
		{45141B82-C93E-4ED6-88EA-C34A3E4782CC}.Release|Any CPU.Build.0 = Release|Any CPU
	EndGlobalSection
	GlobalSection(SolutionProperties) = preSolution
		HideSolutionNode = FALSE
	EndGlobalSection
	GlobalSection(ExtensibilityGlobals) = postSolution
		SolutionGuid = {04DEFF7A-F089-4853-8A68-1705E6CDD6F9}
	EndGlobalSection
EndGlobal
